
Microsoft Visual Studio Solution File, Format Version 12.00
# Visual Studio Version 17
VisualStudioVersion = 17.14.36717.8 d17.14
MinimumVisualStudioVersion = 10.0.40219.1
Project("{8BC9CEB8-8B4A-11D0-8D11-00A0C91BC942}") = "Home", "Home\Home.vcxproj", "{83786FA6-4A95-4F95-8DE2-A5157350A855}"
EndProject
Global
	GlobalSection(SolutionConfigurationPlatforms) = preSolution
		Debug|x64 = Debug|x64
		Debug|x86 = Debug|x86
		Release|x64 = Release|x64
		Release|x86 = Release|x86
	EndGlobalSection
	GlobalSection(ProjectConfigurationPlatforms) = postSolution
		{83786FA6-4A95-4F95-8DE2-A5157350A855}.Debug|x64.ActiveCfg = Debug|x64
		{83786FA6-4A95-4F95-8DE2-A5157350A855}.Debug|x64.Build.0 = Debug|x64
		{83786FA6-4A95-4F95-8DE2-A5157350A855}.Debug|x86.ActiveCfg = Debug|Win32
		{83786FA6-4A95-4F95-8DE2-A5157350A855}.Debug|x86.Build.0 = Debug|Win32
		{83786FA6-4A95-4F95-8DE2-A5157350A855}.Release|x64.ActiveCfg = Release|x64
		{83786FA6-4A95-4F95-8DE2-A5157350A855}.Release|x64.Build.0 = Release|x64
		{83786FA6-4A95-4F95-8DE2-A5157350A855}.Release|x86.ActiveCfg = Release|Win32
		{83786FA6-4A95-4F95-8DE2-A5157350A855}.Release|x86.Build.0 = Release|Win32
	EndGlobalSection
	GlobalSection(SolutionProperties) = preSolution
		HideSolutionNode = FALSE
	EndGlobalSection
	GlobalSection(ExtensibilityGlobals) = postSolution
		SolutionGuid = {AE6C1B3F-90F6-41C0-87E9-467BF91DD5E4}
	EndGlobalSection
EndGlobal
